
Microsoft Visual Studio Solution File, Format Version 12.00
# Visual Studio Version 16
VisualStudioVersion = 16.0.31313.79
MinimumVisualStudioVersion = 10.0.40219.1
Project("{FAE04EC0-301F-11D3-BF4B-00C04F79EFBC}") = "lw_sm_1", "lw_sm_1.csproj", "{67B5F02B-2CD9-4180-A02D-68059FC8081E}"
EndProject
Global
	GlobalSection(SolutionConfigurationPlatforms) = preSolution
		Debug|Any CPU = Debug|Any CPU
		Release|Any CPU = Release|Any CPU
	EndGlobalSection
	GlobalSection(ProjectConfigurationPlatforms) = postSolution
		{67B5F02B-2CD9-4180-A02D-68059FC8081E}.Debug|Any CPU.ActiveCfg = Debug|Any CPU
		{67B5F02B-2CD9-4180-A02D-68059FC8081E}.Debug|Any CPU.Build.0 = Debug|Any CPU
		{67B5F02B-2CD9-4180-A02D-68059FC8081E}.Release|Any CPU.ActiveCfg = Release|Any CPU
		{67B5F02B-2CD9-4180-A02D-68059FC8081E}.Release|Any CPU.Build.0 = Release|Any CPU
	EndGlobalSection
	GlobalSection(SolutionProperties) = preSolution
		HideSolutionNode = FALSE
	EndGlobalSection
	GlobalSection(ExtensibilityGlobals) = postSolution
		SolutionGuid = {746E3D11-0389-45CB-B194-9C7168AE272D}
	EndGlobalSection
EndGlobal
